# This file was autogenerated by Stack.
# You should not edit this file by hand.
# For more information, please see the documentation at:
#   https://docs.haskellstack.org/en/stable/lock_files

packages:
- completed:
    hackage: extensible-0.5@sha256:8a3ca016244ad8780fc3c1b9d2ff99534718a4e3a40cd69d8145d0fee915ef09,2873
    pantry-tree:
      size: 2434
      sha256: 80445f108a9f73795e6f2f926305dd0097e406b5627aab5eb1af0ef5810e6510
  original:
    hackage: extensible-0.5
- completed:
    hackage: req-2.0.1@sha256:76fb2a88279695d3c564064c1cb30a9c8d6a9e3bc9b9d1313ccdcdc7de301fbe,4979
    pantry-tree:
      size: 712
      sha256: 226eb0bc123dcfc33b2eb83d78a97bc01af67843b30a307c9300c49295595050
  original:
    hackage: req-2.0.1
- completed:
    hackage: retry-0.8.0.1@sha256:149393f74ce7504e171d71046936e58841ccfa0e59a37809824b6d68c04a36e5,2207
    pantry-tree:
      size: 433
      sha256: d0cfb99557baafa97f0c269c72fca810dd37d958e86056f345c24956f1e05977
  original:
    hackage: retry-0.8.0.1
snapshots:
- completed:
    size: 492638
    url: https://raw.githubusercontent.com/commercialhaskell/stackage-snapshots/master/lts/13/1.yaml
    sha256: 072c924d439a6b0c73241e575be15656a071c1b627706c88c66f9045870462ee
  original: lts-13.1
